
Microsoft Visual Studio Solution File, Format Version 12.00
# Visual Studio 15
Project("{FAE04EC0-301F-11D3-BF4B-00C04F79EFBC}") = "VeraEdyExamen.Android", "VeraEdyExamen.Android\VeraEdyExamen.Android.csproj", "{6A9E75C0-C55D-4F33-AAD7-22D44D0DC568}"
EndProject
Project("{FAE04EC0-301F-11D3-BF4B-00C04F79EFBC}") = "VeraEdyExamen.iOS", "VeraEdyExamen.iOS\VeraEdyExamen.iOS.csproj", "{2CDEFBA8-BD30-47D5-AFDF-DE478676D34F}"
EndProject
Project("{FAE04EC0-301F-11D3-BF4B-00C04F79EFBC}") = "VeraEdyExamen", "VeraEdyExamen\VeraEdyExamen.csproj", "{87C31126-A0B0-4FE1-9294-1A7912A716E7}"
EndProject
Global
	GlobalSection(SolutionConfigurationPlatforms) = preSolution
		Debug|Any CPU = Debug|Any CPU
		Release|Any CPU = Release|Any CPU
		Debug|iPhoneSimulator = Debug|iPhoneSimulator
		Release|iPhoneSimulator = Release|iPhoneSimulator
		Debug|iPhone = Debug|iPhone
		Release|iPhone = Release|iPhone
	EndGlobalSection
	GlobalSection(ProjectConfigurationPlatforms) = postSolution
		{6A9E75C0-C55D-4F33-AAD7-22D44D0DC568}.Debug|Any CPU.ActiveCfg = Debug|Any CPU
		{6A9E75C0-C55D-4F33-AAD7-22D44D0DC568}.Debug|Any CPU.Build.0 = Debug|Any CPU
		{6A9E75C0-C55D-4F33-AAD7-22D44D0DC568}.Release|Any CPU.ActiveCfg = Release|Any CPU
		{6A9E75C0-C55D-4F33-AAD7-22D44D0DC568}.Release|Any CPU.Build.0 = Release|Any CPU
		{6A9E75C0-C55D-4F33-AAD7-22D44D0DC568}.Debug|iPhoneSimulator.ActiveCfg = Debug|Any CPU
		{6A9E75C0-C55D-4F33-AAD7-22D44D0DC568}.Debug|iPhoneSimulator.Build.0 = Debug|Any CPU
		{6A9E75C0-C55D-4F33-AAD7-22D44D0DC568}.Release|iPhoneSimulator.ActiveCfg = Release|Any CPU
		{6A9E75C0-C55D-4F33-AAD7-22D44D0DC568}.Release|iPhoneSimulator.Build.0 = Release|Any CPU
		{6A9E75C0-C55D-4F33-AAD7-22D44D0DC568}.Debug|iPhone.ActiveCfg = Debug|Any CPU
		{6A9E75C0-C55D-4F33-AAD7-22D44D0DC568}.Debug|iPhone.Build.0 = Debug|Any CPU
		{6A9E75C0-C55D-4F33-AAD7-22D44D0DC568}.Release|iPhone.ActiveCfg = Release|Any CPU
		{6A9E75C0-C55D-4F33-AAD7-22D44D0DC568}.Release|iPhone.Build.0 = Release|Any CPU
		{2CDEFBA8-BD30-47D5-AFDF-DE478676D34F}.Debug|Any CPU.ActiveCfg = Debug|iPhoneSimulator
		{2CDEFBA8-BD30-47D5-AFDF-DE478676D34F}.Debug|Any CPU.Build.0 = Debug|iPhoneSimulator
		{2CDEFBA8-BD30-47D5-AFDF-DE478676D34F}.Release|Any CPU.ActiveCfg = Release|iPhoneSimulator
		{2CDEFBA8-BD30-47D5-AFDF-DE478676D34F}.Release|Any CPU.Build.0 = Release|iPhoneSimulator
		{2CDEFBA8-BD30-47D5-AFDF-DE478676D34F}.Debug|iPhoneSimulator.ActiveCfg = Debug|iPhoneSimulator
		{2CDEFBA8-BD30-47D5-AFDF-DE478676D34F}.Debug|iPhoneSimulator.Build.0 = Debug|iPhoneSimulator
		{2CDEFBA8-BD30-47D5-AFDF-DE478676D34F}.Release|iPhoneSimulator.ActiveCfg = Release|iPhoneSimulator
		{2CDEFBA8-BD30-47D5-AFDF-DE478676D34F}.Release|iPhoneSimulator.Build.0 = Release|iPhoneSimulator
		{2CDEFBA8-BD30-47D5-AFDF-DE478676D34F}.Debug|iPhone.ActiveCfg = Debug|iPhone
		{2CDEFBA8-BD30-47D5-AFDF-DE478676D34F}.Debug|iPhone.Build.0 = Debug|iPhone
		{2CDEFBA8-BD30-47D5-AFDF-DE478676D34F}.Release|iPhone.ActiveCfg = Release|iPhone
		{2CDEFBA8-BD30-47D5-AFDF-DE478676D34F}.Release|iPhone.Build.0 = Release|iPhone
		{87C31126-A0B0-4FE1-9294-1A7912A716E7}.Debug|Any CPU.ActiveCfg = Debug|Any CPU
		{87C31126-A0B0-4FE1-9294-1A7912A716E7}.Debug|Any CPU.Build.0 = Debug|Any CPU
		{87C31126-A0B0-4FE1-9294-1A7912A716E7}.Release|Any CPU.ActiveCfg = Release|Any CPU
		{87C31126-A0B0-4FE1-9294-1A7912A716E7}.Release|Any CPU.Build.0 = Release|Any CPU
		{87C31126-A0B0-4FE1-9294-1A7912A716E7}.Debug|iPhoneSimulator.ActiveCfg = Debug|Any CPU
		{87C31126-A0B0-4FE1-9294-1A7912A716E7}.Debug|iPhoneSimulator.Build.0 = Debug|Any CPU
		{87C31126-A0B0-4FE1-9294-1A7912A716E7}.Release|iPhoneSimulator.ActiveCfg = Release|Any CPU
		{87C31126-A0B0-4FE1-9294-1A7912A716E7}.Release|iPhoneSimulator.Build.0 = Release|Any CPU
		{87C31126-A0B0-4FE1-9294-1A7912A716E7}.Debug|iPhone.ActiveCfg = Debug|Any CPU
		{87C31126-A0B0-4FE1-9294-1A7912A716E7}.Debug|iPhone.Build.0 = Debug|Any CPU
		{87C31126-A0B0-4FE1-9294-1A7912A716E7}.Release|iPhone.ActiveCfg = Release|Any CPU
		{87C31126-A0B0-4FE1-9294-1A7912A716E7}.Release|iPhone.Build.0 = Release|Any CPU
	EndGlobalSection
EndGlobal
